
Microsoft Visual Studio Solution File, Format Version 12.00
# Visual Studio Version 17
VisualStudioVersion = 17.0.31912.275
MinimumVisualStudioVersion = 10.0.40219.1
Project("{FAE04EC0-301F-11D3-BF4B-00C04F79EFBC}") = "SynthTests", "SynthTests\SynthTests.csproj", "{CF24D6A1-73FA-4C2E-9894-2D75E23E8C2F}"
EndProject
Global
	GlobalSection(SolutionConfigurationPlatforms) = preSolution
		Debug|Any CPU = Debug|Any CPU
		Release|Any CPU = Release|Any CPU
	EndGlobalSection
	GlobalSection(ProjectConfigurationPlatforms) = postSolution
		{CF24D6A1-73FA-4C2E-9894-2D75E23E8C2F}.Debug|Any CPU.ActiveCfg = Debug|Any CPU
		{CF24D6A1-73FA-4C2E-9894-2D75E23E8C2F}.Debug|Any CPU.Build.0 = Debug|Any CPU
		{CF24D6A1-73FA-4C2E-9894-2D75E23E8C2F}.Release|Any CPU.ActiveCfg = Release|Any CPU
		{CF24D6A1-73FA-4C2E-9894-2D75E23E8C2F}.Release|Any CPU.Build.0 = Release|Any CPU
	EndGlobalSection
	GlobalSection(SolutionProperties) = preSolution
		HideSolutionNode = FALSE
	EndGlobalSection
	GlobalSection(ExtensibilityGlobals) = postSolution
		SolutionGuid = {885BD434-546F-4021-96A1-689DCEAE42ED}
	EndGlobalSection
EndGlobal
